
Microsoft Visual Studio Solution File, Format Version 12.00
# Visual Studio Version 17
VisualStudioVersion = 17.12.35323.107
MinimumVisualStudioVersion = 10.0.40219.1
Project("{FAE04EC0-301F-11D3-BF4B-00C04F79EFBC}") = "ModerationApp", "ModerationApp.csproj", "{5CC245D9-5194-4A73-901A-D1EC508AB571}"
EndProject
Global
	GlobalSection(SolutionConfigurationPlatforms) = preSolution
		Debug|Any CPU = Debug|Any CPU
		Release|Any CPU = Release|Any CPU
	EndGlobalSection
	GlobalSection(ProjectConfigurationPlatforms) = postSolution
		{5CC245D9-5194-4A73-901A-D1EC508AB571}.Debug|Any CPU.ActiveCfg = Debug|Any CPU
		{5CC245D9-5194-4A73-901A-D1EC508AB571}.Debug|Any CPU.Build.0 = Debug|Any CPU
		{5CC245D9-5194-4A73-901A-D1EC508AB571}.Release|Any CPU.ActiveCfg = Release|Any CPU
		{5CC245D9-5194-4A73-901A-D1EC508AB571}.Release|Any CPU.Build.0 = Release|Any CPU
	EndGlobalSection
	GlobalSection(SolutionProperties) = preSolution
		HideSolutionNode = FALSE
	EndGlobalSection
	GlobalSection(ExtensibilityGlobals) = postSolution
		SolutionGuid = {22A36DE1-101F-4750-9E02-67219D91F32B}
	EndGlobalSection
EndGlobal
